Microsoft Visual Studio Solution File, Format Version 12.00
# Visual Studio Version 17
VisualStudioVersion = 17.0.31611.283
MinimumVisualStudioVersion = 10.0.40219.1
Project("{9A19103F-16F7-4668-BE54-9A1E7A4F7556}") = "ElectionGuard.UI.Lib", "ElectionGuard.UI.Lib\ElectionGuard.UI.Lib.csproj", "{55329D53-88D4-41A2-A707-7B49B52C5C7A}"
EndProject
Project("{2150E333-8FDC-42A3-9474-1A3956D46DE8}") = "Solution Files", "Solution Files", "{481B8903-5279-4324-93A8-5A23217171EA}"
	ProjectSection(SolutionItems) = preProject
		Directory.Packages.props = Directory.Packages.props
	EndProjectSection
EndProject
Project("{9A19103F-16F7-4668-BE54-9A1E7A4F7556}") = "ElectionGuard.Encryption", "..\..\bindings\netstandard\ElectionGuard\ElectionGuard.Encryption\ElectionGuard.Encryption.csproj", "{FBEFD95B-EAB8-4CC0-A9D5-6FA3FFC4F32B}"
EndProject
Project("{9A19103F-16F7-4668-BE54-9A1E7A4F7556}") = "ElectionGuard.ElectionSetup", "..\..\bindings\netstandard\ElectionGuard\ElectionGuard.ElectionSetup\ElectionGuard.ElectionSetup.csproj", "{3C59A33A-5962-4BAD-8B9B-2E0613239B90}"
EndProject
Project("{9A19103F-16F7-4668-BE54-9A1E7A4F7556}") = "ElectionGuard.UI", "ElectionGuard.UI\ElectionGuard.UI.csproj", "{B4301667-EB87-4A9D-BE2E-5E8611F6EAAA}"
EndProject
Project("{9A19103F-16F7-4668-BE54-9A1E7A4F7556}") = "ElectionGuard.Encryption.Utils", "..\..\bindings\netstandard\ElectionGuard\ElectionGuard.Encryption.Utils\ElectionGuard.Encryption.Utils.csproj", "{B52FBB88-26FC-456E-852C-1787ADA9CE64}"
EndProject
Project("{9A19103F-16F7-4668-BE54-9A1E7A4F7556}") = "ElectionGuard.Decryption", "..\..\bindings\netstandard\ElectionGuard\ElectionGuard.Decryption\ElectionGuard.Decryption.csproj", "{DF0CA84A-EC01-48A6-9140-EF546FD781C5}"
EndProject
Project("{9A19103F-16F7-4668-BE54-9A1E7A4F7556}") = "ElectionGuard.Decryption.Tests", "..\..\bindings\netstandard\ElectionGuard\ElectionGuard.Decryption.Tests\ElectionGuard.Decryption.Tests.csproj", "{72F8C1CA-FDD7-4B7B-A08A-C16589EEA187}"
EndProject
Project("{9A19103F-16F7-4668-BE54-9A1E7A4F7556}") = "ElectionGuard.ElectionSetup.Tests", "..\..\bindings\netstandard\ElectionGuard\ElectionGuard.ElectionSetup.Tests\ElectionGuard.ElectionSetup.Tests.csproj", "{123DF2EF-5EB9-4974-B834-F996D777CFAB}"
EndProject
Project("{2150E333-8FDC-42A3-9474-1A3956D46DE8}") = "Tests", "Tests", "{42BB40E3-87DD-44E6-A2B8-AE36B2B98AA1}"
EndProject
Global
	GlobalSection(SolutionConfigurationPlatforms) = preSolution
		Debug|Any CPU = Debug|Any CPU
		Debug|arm64 = Debug|arm64
		Debug|x64 = Debug|x64
		Debug|x86 = Debug|x86
		Release|Any CPU = Release|Any CPU
		Release|arm64 = Release|arm64
		Release|x64 = Release|x64
		Release|x86 = Release|x86
	EndGlobalSection
	GlobalSection(ProjectConfigurationPlatforms) = postSolution
		{55329D53-88D4-41A2-A707-7B49B52C5C7A}.Debug|Any CPU.ActiveCfg = Debug|x64
		{55329D53-88D4-41A2-A707-7B49B52C5C7A}.Debug|Any CPU.Build.0 = Debug|x64
		{55329D53-88D4-41A2-A707-7B49B52C5C7A}.Debug|arm64.ActiveCfg = Debug|arm64
		{55329D53-88D4-41A2-A707-7B49B52C5C7A}.Debug|arm64.Build.0 = Debug|arm64
		{55329D53-88D4-41A2-A707-7B49B52C5C7A}.Debug|x64.ActiveCfg = Debug|x64
		{55329D53-88D4-41A2-A707-7B49B52C5C7A}.Debug|x64.Build.0 = Debug|x64
		{55329D53-88D4-41A2-A707-7B49B52C5C7A}.Debug|x86.ActiveCfg = Debug|x86
		{55329D53-88D4-41A2-A707-7B49B52C5C7A}.Debug|x86.Build.0 = Debug|x86
		{55329D53-88D4-41A2-A707-7B49B52C5C7A}.Release|Any CPU.ActiveCfg = Release|x64
		{55329D53-88D4-41A2-A707-7B49B52C5C7A}.Release|Any CPU.Build.0 = Release|x64
		{55329D53-88D4-41A2-A707-7B49B52C5C7A}.Release|arm64.ActiveCfg = Release|arm64
		{55329D53-88D4-41A2-A707-7B49B52C5C7A}.Release|arm64.Build.0 = Release|arm64
		{55329D53-88D4-41A2-A707-7B49B52C5C7A}.Release|x64.ActiveCfg = Release|x64
		{55329D53-88D4-41A2-A707-7B49B52C5C7A}.Release|x64.Build.0 = Release|x64
		{55329D53-88D4-41A2-A707-7B49B52C5C7A}.Release|x86.ActiveCfg = Release|x86
		{55329D53-88D4-41A2-A707-7B49B52C5C7A}.Release|x86.Build.0 = Release|x86
		{FBEFD95B-EAB8-4CC0-A9D5-6FA3FFC4F32B}.Debug|Any CPU.ActiveCfg = Debug|x64
		{FBEFD95B-EAB8-4CC0-A9D5-6FA3FFC4F32B}.Debug|Any CPU.Build.0 = Debug|x64
		{FBEFD95B-EAB8-4CC0-A9D5-6FA3FFC4F32B}.Debug|arm64.ActiveCfg = Debug|arm64
		{FBEFD95B-EAB8-4CC0-A9D5-6FA3FFC4F32B}.Debug|arm64.Build.0 = Debug|arm64
		{FBEFD95B-EAB8-4CC0-A9D5-6FA3FFC4F32B}.Debug|x64.ActiveCfg = Debug|x64
		{FBEFD95B-EAB8-4CC0-A9D5-6FA3FFC4F32B}.Debug|x64.Build.0 = Debug|x64
		{FBEFD95B-EAB8-4CC0-A9D5-6FA3FFC4F32B}.Debug|x86.ActiveCfg = Debug|x86
		{FBEFD95B-EAB8-4CC0-A9D5-6FA3FFC4F32B}.Debug|x86.Build.0 = Debug|x86
		{FBEFD95B-EAB8-4CC0-A9D5-6FA3FFC4F32B}.Release|Any CPU.ActiveCfg = Release|x64
		{FBEFD95B-EAB8-4CC0-A9D5-6FA3FFC4F32B}.Release|Any CPU.Build.0 = Release|x64
		{FBEFD95B-EAB8-4CC0-A9D5-6FA3FFC4F32B}.Release|arm64.ActiveCfg = Release|arm64
		{FBEFD95B-EAB8-4CC0-A9D5-6FA3FFC4F32B}.Release|arm64.Build.0 = Release|arm64
		{FBEFD95B-EAB8-4CC0-A9D5-6FA3FFC4F32B}.Release|x64.ActiveCfg = Release|x64
		{FBEFD95B-EAB8-4CC0-A9D5-6FA3FFC4F32B}.Release|x64.Build.0 = Release|x64
		{FBEFD95B-EAB8-4CC0-A9D5-6FA3FFC4F32B}.Release|x86.ActiveCfg = Release|x86
		{FBEFD95B-EAB8-4CC0-A9D5-6FA3FFC4F32B}.Release|x86.Build.0 = Release|x86
		{3C59A33A-5962-4BAD-8B9B-2E0613239B90}.Debug|Any CPU.ActiveCfg = Debug|x64
		{3C59A33A-5962-4BAD-8B9B-2E0613239B90}.Debug|Any CPU.Build.0 = Debug|x64
		{3C59A33A-5962-4BAD-8B9B-2E0613239B90}.Debug|arm64.ActiveCfg = Debug|arm64
		{3C59A33A-5962-4BAD-8B9B-2E0613239B90}.Debug|arm64.Build.0 = Debug|arm64
		{3C59A33A-5962-4BAD-8B9B-2E0613239B90}.Debug|x64.ActiveCfg = Debug|x64
		{3C59A33A-5962-4BAD-8B9B-2E0613239B90}.Debug|x64.Build.0 = Debug|x64
		{3C59A33A-5962-4BAD-8B9B-2E0613239B90}.Debug|x86.ActiveCfg = Debug|x86
		{3C59A33A-5962-4BAD-8B9B-2E0613239B90}.Debug|x86.Build.0 = Debug|x86
		{3C59A33A-5962-4BAD-8B9B-2E0613239B90}.Release|Any CPU.ActiveCfg = Release|x64
		{3C59A33A-5962-4BAD-8B9B-2E0613239B90}.Release|Any CPU.Build.0 = Release|x64
		{3C59A33A-5962-4BAD-8B9B-2E0613239B90}.Release|arm64.ActiveCfg = Release|arm64
		{3C59A33A-5962-4BAD-8B9B-2E0613239B90}.Release|arm64.Build.0 = Release|arm64
		{3C59A33A-5962-4BAD-8B9B-2E0613239B90}.Release|x64.ActiveCfg = Release|x64
		{3C59A33A-5962-4BAD-8B9B-2E0613239B90}.Release|x64.Build.0 = Release|x64
		{3C59A33A-5962-4BAD-8B9B-2E0613239B90}.Release|x86.ActiveCfg = Release|x86
		{3C59A33A-5962-4BAD-8B9B-2E0613239B90}.Release|x86.Build.0 = Release|x86
		{B4301667-EB87-4A9D-BE2E-5E8611F6EAAA}.Debug|Any CPU.ActiveCfg = Debug|Any CPU
		{B4301667-EB87-4A9D-BE2E-5E8611F6EAAA}.Debug|Any CPU.Build.0 = Debug|Any CPU
		{B4301667-EB87-4A9D-BE2E-5E8611F6EAAA}.Debug|Any CPU.Deploy.0 = Debug|Any CPU
		{B4301667-EB87-4A9D-BE2E-5E8611F6EAAA}.Debug|arm64.ActiveCfg = Debug|Any CPU
		{B4301667-EB87-4A9D-BE2E-5E8611F6EAAA}.Debug|arm64.Build.0 = Debug|Any CPU
		{B4301667-EB87-4A9D-BE2E-5E8611F6EAAA}.Debug|x64.ActiveCfg = Debug|Any CPU
		{B4301667-EB87-4A9D-BE2E-5E8611F6EAAA}.Debug|x64.Build.0 = Debug|Any CPU
		{B4301667-EB87-4A9D-BE2E-5E8611F6EAAA}.Debug|x64.Deploy.0 = Debug|Any CPU
		{B4301667-EB87-4A9D-BE2E-5E8611F6EAAA}.Debug|x86.ActiveCfg = Debug|Any CPU
		{B4301667-EB87-4A9D-BE2E-5E8611F6EAAA}.Debug|x86.Build.0 = Debug|Any CPU
		{B4301667-EB87-4A9D-BE2E-5E8611F6EAAA}.Debug|x86.Deploy.0 = Debug|Any CPU
		{B4301667-EB87-4A9D-BE2E-5E8611F6EAAA}.Release|Any CPU.ActiveCfg = Release|Any CPU
		{B4301667-EB87-4A9D-BE2E-5E8611F6EAAA}.Release|Any CPU.Build.0 = Release|Any CPU
		{B4301667-EB87-4A9D-BE2E-5E8611F6EAAA}.Release|Any CPU.Deploy.0 = Release|Any CPU
		{B4301667-EB87-4A9D-BE2E-5E8611F6EAAA}.Release|arm64.ActiveCfg = Release|Any CPU
		{B4301667-EB87-4A9D-BE2E-5E8611F6EAAA}.Release|arm64.Build.0 = Release|Any CPU
		{B4301667-EB87-4A9D-BE2E-5E8611F6EAAA}.Release|arm64.Deploy.0 = Release|Any CPU
		{B4301667-EB87-4A9D-BE2E-5E8611F6EAAA}.Release|x64.ActiveCfg = Release|Any CPU
		{B4301667-EB87-4A9D-BE2E-5E8611F6EAAA}.Release|x64.Build.0 = Release|Any CPU
		{B4301667-EB87-4A9D-BE2E-5E8611F6EAAA}.Release|x64.Deploy.0 = Release|Any CPU
		{B4301667-EB87-4A9D-BE2E-5E8611F6EAAA}.Release|x86.ActiveCfg = Release|Any CPU
		{B4301667-EB87-4A9D-BE2E-5E8611F6EAAA}.Release|x86.Build.0 = Release|Any CPU
		{B4301667-EB87-4A9D-BE2E-5E8611F6EAAA}.Release|x86.Deploy.0 = Release|Any CPU
		{B52FBB88-26FC-456E-852C-1787ADA9CE64}.Debug|Any CPU.ActiveCfg = Debug|x64
		{B52FBB88-26FC-456E-852C-1787ADA9CE64}.Debug|Any CPU.Build.0 = Debug|x64
		{B52FBB88-26FC-456E-852C-1787ADA9CE64}.Debug|arm64.ActiveCfg = Debug|arm64
		{B52FBB88-26FC-456E-852C-1787ADA9CE64}.Debug|arm64.Build.0 = Debug|arm64
		{B52FBB88-26FC-456E-852C-1787ADA9CE64}.Debug|x64.ActiveCfg = Debug|x64
		{B52FBB88-26FC-456E-852C-1787ADA9CE64}.Debug|x64.Build.0 = Debug|x64
		{B52FBB88-26FC-456E-852C-1787ADA9CE64}.Debug|x86.ActiveCfg = Debug|x86
		{B52FBB88-26FC-456E-852C-1787ADA9CE64}.Debug|x86.Build.0 = Debug|x86
		{B52FBB88-26FC-456E-852C-1787ADA9CE64}.Release|Any CPU.ActiveCfg = Release|x64
		{B52FBB88-26FC-456E-852C-1787ADA9CE64}.Release|Any CPU.Build.0 = Release|x64
		{B52FBB88-26FC-456E-852C-1787ADA9CE64}.Release|arm64.ActiveCfg = Release|arm64
		{B52FBB88-26FC-456E-852C-1787ADA9CE64}.Release|arm64.Build.0 = Release|arm64
		{B52FBB88-26FC-456E-852C-1787ADA9CE64}.Release|x64.ActiveCfg = Release|x64
		{B52FBB88-26FC-456E-852C-1787ADA9CE64}.Release|x64.Build.0 = Release|x64
		{B52FBB88-26FC-456E-852C-1787ADA9CE64}.Release|x86.ActiveCfg = Release|x86
		{B52FBB88-26FC-456E-852C-1787ADA9CE64}.Release|x86.Build.0 = Release|x86
		{DF0CA84A-EC01-48A6-9140-EF546FD781C5}.Debug|Any CPU.ActiveCfg = Debug|x64
		{DF0CA84A-EC01-48A6-9140-EF546FD781C5}.Debug|Any CPU.Build.0 = Debug|x64
		{DF0CA84A-EC01-48A6-9140-EF546FD781C5}.Debug|arm64.ActiveCfg = Debug|arm64
		{DF0CA84A-EC01-48A6-9140-EF546FD781C5}.Debug|arm64.Build.0 = Debug|arm64
		{DF0CA84A-EC01-48A6-9140-EF546FD781C5}.Debug|x64.ActiveCfg = Debug|x64
		{DF0CA84A-EC01-48A6-9140-EF546FD781C5}.Debug|x64.Build.0 = Debug|x64
		{DF0CA84A-EC01-48A6-9140-EF546FD781C5}.Debug|x86.ActiveCfg = Debug|x86
		{DF0CA84A-EC01-48A6-9140-EF546FD781C5}.Debug|x86.Build.0 = Debug|x86
		{DF0CA84A-EC01-48A6-9140-EF546FD781C5}.Release|Any CPU.ActiveCfg = Release|x64
		{DF0CA84A-EC01-48A6-9140-EF546FD781C5}.Release|Any CPU.Build.0 = Release|x64
		{DF0CA84A-EC01-48A6-9140-EF546FD781C5}.Release|arm64.ActiveCfg = Release|arm64
		{DF0CA84A-EC01-48A6-9140-EF546FD781C5}.Release|arm64.Build.0 = Release|arm64
		{DF0CA84A-EC01-48A6-9140-EF546FD781C5}.Release|x64.ActiveCfg = Release|x64
		{DF0CA84A-EC01-48A6-9140-EF546FD781C5}.Release|x64.Build.0 = Release|x64
		{DF0CA84A-EC01-48A6-9140-EF546FD781C5}.Release|x86.ActiveCfg = Release|x86
		{DF0CA84A-EC01-48A6-9140-EF546FD781C5}.Release|x86.Build.0 = Release|x86
		{72F8C1CA-FDD7-4B7B-A08A-C16589EEA187}.Debug|Any CPU.ActiveCfg = Debug|x64
		{72F8C1CA-FDD7-4B7B-A08A-C16589EEA187}.Debug|Any CPU.Build.0 = Debug|x64
		{72F8C1CA-FDD7-4B7B-A08A-C16589EEA187}.Debug|arm64.ActiveCfg = Debug|arm64
		{72F8C1CA-FDD7-4B7B-A08A-C16589EEA187}.Debug|arm64.Build.0 = Debug|arm64
		{72F8C1CA-FDD7-4B7B-A08A-C16589EEA187}.Debug|x64.ActiveCfg = Debug|x64
		{72F8C1CA-FDD7-4B7B-A08A-C16589EEA187}.Debug|x64.Build.0 = Debug|x64
		{72F8C1CA-FDD7-4B7B-A08A-C16589EEA187}.Debug|x86.ActiveCfg = Debug|x86
		{72F8C1CA-FDD7-4B7B-A08A-C16589EEA187}.Debug|x86.Build.0 = Debug|x86
		{72F8C1CA-FDD7-4B7B-A08A-C16589EEA187}.Release|Any CPU.ActiveCfg = Release|x64
		{72F8C1CA-FDD7-4B7B-A08A-C16589EEA187}.Release|Any CPU.Build.0 = Release|x64
		{72F8C1CA-FDD7-4B7B-A08A-C16589EEA187}.Release|arm64.ActiveCfg = Release|arm64
		{72F8C1CA-FDD7-4B7B-A08A-C16589EEA187}.Release|arm64.Build.0 = Release|arm64
		{72F8C1CA-FDD7-4B7B-A08A-C16589EEA187}.Release|x64.ActiveCfg = Release|x64
		{72F8C1CA-FDD7-4B7B-A08A-C16589EEA187}.Release|x64.Build.0 = Release|x64
		{72F8C1CA-FDD7-4B7B-A08A-C16589EEA187}.Release|x86.ActiveCfg = Release|x86
		{72F8C1CA-FDD7-4B7B-A08A-C16589EEA187}.Release|x86.Build.0 = Release|x86
		{123DF2EF-5EB9-4974-B834-F996D777CFAB}.Debug|Any CPU.ActiveCfg = Debug|x64
		{123DF2EF-5EB9-4974-B834-F996D777CFAB}.Debug|Any CPU.Build.0 = Debug|x64
		{123DF2EF-5EB9-4974-B834-F996D777CFAB}.Debug|arm64.ActiveCfg = Debug|arm64
		{123DF2EF-5EB9-4974-B834-F996D777CFAB}.Debug|arm64.Build.0 = Debug|arm64
		{123DF2EF-5EB9-4974-B834-F996D777CFAB}.Debug|x64.ActiveCfg = Debug|x64
		{123DF2EF-5EB9-4974-B834-F996D777CFAB}.Debug|x64.Build.0 = Debug|x64
		{123DF2EF-5EB9-4974-B834-F996D777CFAB}.Debug|x86.ActiveCfg = Debug|x86
		{123DF2EF-5EB9-4974-B834-F996D777CFAB}.Debug|x86.Build.0 = Debug|x86
		{123DF2EF-5EB9-4974-B834-F996D777CFAB}.Release|Any CPU.ActiveCfg = Release|x64
		{123DF2EF-5EB9-4974-B834-F996D777CFAB}.Release|Any CPU.Build.0 = Release|x64
		{123DF2EF-5EB9-4974-B834-F996D777CFAB}.Release|arm64.ActiveCfg = Release|arm64
		{123DF2EF-5EB9-4974-B834-F996D777CFAB}.Release|arm64.Build.0 = Release|arm64
		{123DF2EF-5EB9-4974-B834-F996D777CFAB}.Release|x64.ActiveCfg = Release|x64
		{123DF2EF-5EB9-4974-B834-F996D777CFAB}.Release|x64.Build.0 = Release|x64
		{123DF2EF-5EB9-4974-B834-F996D777CFAB}.Release|x86.ActiveCfg = Release|x86
		{123DF2EF-5EB9-4974-B834-F996D777CFAB}.Release|x86.Build.0 = Release|x86
	EndGlobalSection
	GlobalSection(SolutionProperties) = preSolution
		HideSolutionNode = FALSE
	EndGlobalSection
	GlobalSection(NestedProjects) = preSolution
		{72F8C1CA-FDD7-4B7B-A08A-C16589EEA187} = {42BB40E3-87DD-44E6-A2B8-AE36B2B98AA1}
		{123DF2EF-5EB9-4974-B834-F996D777CFAB} = {42BB40E3-87DD-44E6-A2B8-AE36B2B98AA1}
	EndGlobalSection
	GlobalSection(ExtensibilityGlobals) = postSolution
		SolutionGuid = {61F7FB11-1E47-470C-91E2-47F8143E1572}
	EndGlobalSection
EndGlobal
