
Microsoft Visual Studio Solution File, Format Version 12.00
# Visual Studio Version 17
VisualStudioVersion = 17.0.31611.283
MinimumVisualStudioVersion = 10.0.40219.1
Project("{9A19103F-16F7-4668-BE54-9A1E7A4F7556}") = "ElectionGuard.UI", "ElectionGuard.UI\ElectionGuard.UI.csproj", "{453B56A7-58A3-48A1-956D-C7F46C38F9DD}"
EndProject
Project("{9A19103F-16F7-4668-BE54-9A1E7A4F7556}") = "ElectionGuard.UI.Lib", "ElectionGuard.UI.Lib\ElectionGuard.UI.Lib.csproj", "{55329D53-88D4-41A2-A707-7B49B52C5C7A}"
EndProject
Project("{9A19103F-16F7-4668-BE54-9A1E7A4F7556}") = "ElectionGuard.UI.Test", "ElectionGuard.UI.Test\ElectionGuard.UI.Test.csproj", "{0C10F0A9-29B3-4C5F-8E7D-C33962A50191}"
EndProject
Project("{2150E333-8FDC-42A3-9474-1A3956D46DE8}") = "Solution Files", "Solution Files", "{481B8903-5279-4324-93A8-5A23217171EA}"
	ProjectSection(SolutionItems) = preProject
		Directory.Packages.props = Directory.Packages.props
	EndProjectSection
EndProject
Project("{9A19103F-16F7-4668-BE54-9A1E7A4F7556}") = "ElectionGuard.Encryption", "..\..\bindings\netstandard\ElectionGuard\ElectionGuard.Encryption\ElectionGuard.Encryption.csproj", "{FBEFD95B-EAB8-4CC0-A9D5-6FA3FFC4F32B}"
EndProject
Project("{9A19103F-16F7-4668-BE54-9A1E7A4F7556}") = "ElectionGuard.ElectionSetup", "..\..\bindings\netstandard\ElectionGuard\ElectionGuard.ElectionSetup\ElectionGuard.ElectionSetup.csproj", "{3C59A33A-5962-4BAD-8B9B-2E0613239B90}"
EndProject
Project("{9A19103F-16F7-4668-BE54-9A1E7A4F7556}") = "ElectionGuard.ElectionSetup.Tests", "..\..\bindings\netstandard\ElectionGuard\ElectionGuard.ElectionSetup.Tests\ElectionGuard.ElectionSetup.Tests.csproj", "{04003A1A-7044-43A3-941D-0F67B06475DA}"
EndProject
Global
	GlobalSection(SolutionConfigurationPlatforms) = preSolution
		Debug|Any CPU = Debug|Any CPU
		Debug|x64 = Debug|x64
		Release|Any CPU = Release|Any CPU
		Release|x64 = Release|x64
	EndGlobalSection
	GlobalSection(ProjectConfigurationPlatforms) = postSolution
		{453B56A7-58A3-48A1-956D-C7F46C38F9DD}.Debug|Any CPU.ActiveCfg = Debug|Any CPU
		{453B56A7-58A3-48A1-956D-C7F46C38F9DD}.Debug|Any CPU.Build.0 = Debug|Any CPU
		{453B56A7-58A3-48A1-956D-C7F46C38F9DD}.Debug|Any CPU.Deploy.0 = Debug|Any CPU
		{453B56A7-58A3-48A1-956D-C7F46C38F9DD}.Debug|x64.ActiveCfg = Debug|Any CPU
		{453B56A7-58A3-48A1-956D-C7F46C38F9DD}.Debug|x64.Build.0 = Debug|Any CPU
		{453B56A7-58A3-48A1-956D-C7F46C38F9DD}.Debug|x64.Deploy.0 = Debug|Any CPU
		{453B56A7-58A3-48A1-956D-C7F46C38F9DD}.Release|Any CPU.ActiveCfg = Release|Any CPU
		{453B56A7-58A3-48A1-956D-C7F46C38F9DD}.Release|Any CPU.Build.0 = Release|Any CPU
		{453B56A7-58A3-48A1-956D-C7F46C38F9DD}.Release|Any CPU.Deploy.0 = Release|Any CPU
		{453B56A7-58A3-48A1-956D-C7F46C38F9DD}.Release|x64.ActiveCfg = Release|Any CPU
		{453B56A7-58A3-48A1-956D-C7F46C38F9DD}.Release|x64.Build.0 = Release|Any CPU
		{453B56A7-58A3-48A1-956D-C7F46C38F9DD}.Release|x64.Deploy.0 = Release|Any CPU
		{55329D53-88D4-41A2-A707-7B49B52C5C7A}.Debug|Any CPU.ActiveCfg = Debug|Any CPU
		{55329D53-88D4-41A2-A707-7B49B52C5C7A}.Debug|Any CPU.Build.0 = Debug|Any CPU
		{55329D53-88D4-41A2-A707-7B49B52C5C7A}.Debug|x64.ActiveCfg = Debug|Any CPU
		{55329D53-88D4-41A2-A707-7B49B52C5C7A}.Debug|x64.Build.0 = Debug|Any CPU
		{55329D53-88D4-41A2-A707-7B49B52C5C7A}.Release|Any CPU.ActiveCfg = Release|Any CPU
		{55329D53-88D4-41A2-A707-7B49B52C5C7A}.Release|Any CPU.Build.0 = Release|Any CPU
		{55329D53-88D4-41A2-A707-7B49B52C5C7A}.Release|x64.ActiveCfg = Release|Any CPU
		{55329D53-88D4-41A2-A707-7B49B52C5C7A}.Release|x64.Build.0 = Release|Any CPU
		{0C10F0A9-29B3-4C5F-8E7D-C33962A50191}.Debug|Any CPU.ActiveCfg = Debug|Any CPU
		{0C10F0A9-29B3-4C5F-8E7D-C33962A50191}.Debug|Any CPU.Build.0 = Debug|Any CPU
		{0C10F0A9-29B3-4C5F-8E7D-C33962A50191}.Debug|x64.ActiveCfg = Debug|Any CPU
		{0C10F0A9-29B3-4C5F-8E7D-C33962A50191}.Debug|x64.Build.0 = Debug|Any CPU
		{0C10F0A9-29B3-4C5F-8E7D-C33962A50191}.Release|Any CPU.ActiveCfg = Release|Any CPU
		{0C10F0A9-29B3-4C5F-8E7D-C33962A50191}.Release|Any CPU.Build.0 = Release|Any CPU
		{0C10F0A9-29B3-4C5F-8E7D-C33962A50191}.Release|x64.ActiveCfg = Release|Any CPU
		{0C10F0A9-29B3-4C5F-8E7D-C33962A50191}.Release|x64.Build.0 = Release|Any CPU
		{FBEFD95B-EAB8-4CC0-A9D5-6FA3FFC4F32B}.Debug|Any CPU.ActiveCfg = Debug|x64
		{FBEFD95B-EAB8-4CC0-A9D5-6FA3FFC4F32B}.Debug|Any CPU.Build.0 = Debug|x64
		{FBEFD95B-EAB8-4CC0-A9D5-6FA3FFC4F32B}.Debug|x64.ActiveCfg = Debug|x64
		{FBEFD95B-EAB8-4CC0-A9D5-6FA3FFC4F32B}.Debug|x64.Build.0 = Debug|x64
		{FBEFD95B-EAB8-4CC0-A9D5-6FA3FFC4F32B}.Release|Any CPU.ActiveCfg = Release|x64
		{FBEFD95B-EAB8-4CC0-A9D5-6FA3FFC4F32B}.Release|Any CPU.Build.0 = Release|x64
		{FBEFD95B-EAB8-4CC0-A9D5-6FA3FFC4F32B}.Release|x64.ActiveCfg = Release|x64
		{FBEFD95B-EAB8-4CC0-A9D5-6FA3FFC4F32B}.Release|x64.Build.0 = Release|x64
		{3C59A33A-5962-4BAD-8B9B-2E0613239B90}.Debug|Any CPU.ActiveCfg = Debug|Any CPU
		{3C59A33A-5962-4BAD-8B9B-2E0613239B90}.Debug|Any CPU.Build.0 = Debug|Any CPU
		{3C59A33A-5962-4BAD-8B9B-2E0613239B90}.Debug|x64.ActiveCfg = Debug|Any CPU
		{3C59A33A-5962-4BAD-8B9B-2E0613239B90}.Debug|x64.Build.0 = Debug|Any CPU
		{3C59A33A-5962-4BAD-8B9B-2E0613239B90}.Release|Any CPU.ActiveCfg = Release|Any CPU
		{3C59A33A-5962-4BAD-8B9B-2E0613239B90}.Release|Any CPU.Build.0 = Release|Any CPU
		{3C59A33A-5962-4BAD-8B9B-2E0613239B90}.Release|x64.ActiveCfg = Release|Any CPU
		{3C59A33A-5962-4BAD-8B9B-2E0613239B90}.Release|x64.Build.0 = Release|Any CPU
		{04003A1A-7044-43A3-941D-0F67B06475DA}.Debug|Any CPU.ActiveCfg = Debug|Any CPU
		{04003A1A-7044-43A3-941D-0F67B06475DA}.Debug|Any CPU.Build.0 = Debug|Any CPU
		{04003A1A-7044-43A3-941D-0F67B06475DA}.Debug|x64.ActiveCfg = Debug|Any CPU
		{04003A1A-7044-43A3-941D-0F67B06475DA}.Debug|x64.Build.0 = Debug|Any CPU
		{04003A1A-7044-43A3-941D-0F67B06475DA}.Release|Any CPU.ActiveCfg = Release|Any CPU
		{04003A1A-7044-43A3-941D-0F67B06475DA}.Release|Any CPU.Build.0 = Release|Any CPU
		{04003A1A-7044-43A3-941D-0F67B06475DA}.Release|x64.ActiveCfg = Release|Any CPU
		{04003A1A-7044-43A3-941D-0F67B06475DA}.Release|x64.Build.0 = Release|Any CPU
	EndGlobalSection
	GlobalSection(SolutionProperties) = preSolution
		HideSolutionNode = FALSE
	EndGlobalSection
	GlobalSection(ExtensibilityGlobals) = postSolution
		SolutionGuid = {61F7FB11-1E47-470C-91E2-47F8143E1572}
	EndGlobalSection
EndGlobal
