Microsoft Visual Studio Solution File, Format Version 12.00
# Visual Studio Version 17
VisualStudioVersion = 17.2.32519.379
MinimumVisualStudioVersion = 10.0.40219.1
Project("{9A19103F-16F7-4668-BE54-9A1E7A4F7556}") = "ElectionGuard.Encryption", "ElectionGuard.Encryption\ElectionGuard.Encryption.csproj", "{A4437B27-1101-4C91-AEBE-F97606990E2B}"
EndProject
Project("{9A19103F-16F7-4668-BE54-9A1E7A4F7556}") = "ElectionGuard.Encryption.Tests", "ElectionGuard.Encryption.Tests\ElectionGuard.Encryption.Tests.csproj", "{111BE643-7978-4CDB-9FDC-0A198139A488}"
EndProject
Project("{2150E333-8FDC-42A3-9474-1A3956D46DE8}") = "Solution Items", "Solution Items", "{4DDF806F-023D-4917-B855-E5959DE468BD}"
	ProjectSection(SolutionItems) = preProject
		icon.png = icon.png
		README.md = README.md
	EndProjectSection
EndProject
Project("{9A19103F-16F7-4668-BE54-9A1E7A4F7556}") = "ElectionGuard.Encryption.Bench", "ElectionGuard.Encryption.Bench\ElectionGuard.Encryption.Bench.csproj", "{06B6E480-D964-4351-8FF3-E62F652B8D4C}"
EndProject
Project("{9A19103F-16F7-4668-BE54-9A1E7A4F7556}") = "ElectionGuard.Encryption.Utils", "ElectionGuard.Encryption.Utils\ElectionGuard.Encryption.Utils.csproj", "{6AC780D0-1862-4680-8B47-AD6CCF97B66C}"
EndProject
Project("{9A19103F-16F7-4668-BE54-9A1E7A4F7556}") = "ElectionGuard.ElectionSetup", "ElectionGuard.ElectionSetup\ElectionGuard.ElectionSetup.csproj", "{E6E5DC4A-F899-48D9-8586-408A39C0324B}"
EndProject
Project("{9A19103F-16F7-4668-BE54-9A1E7A4F7556}") = "ElectionGuard.ElectionSetup.Tests", "ElectionGuard.ElectionSetup.Tests\ElectionGuard.ElectionSetup.Tests.csproj", "{334BEA82-395E-4012-8BA6-77161EE7AED6}"
EndProject
Project("{9A19103F-16F7-4668-BE54-9A1E7A4F7556}") = "ElectionGuard.Decryption", "ElectionGuard.Decryption\ElectionGuard.Decryption.csproj", "{A94C923B-A34B-4FE4-A8E0-B1CB74976B11}"
EndProject
Project("{9A19103F-16F7-4668-BE54-9A1E7A4F7556}") = "ElectionGuard.Decryption.Tests", "ElectionGuard.Decryption.Tests\ElectionGuard.Decryption.Tests.csproj", "{728D53B2-FE17-44A2-A534-9DFDDF2D46EA}"
EndProject
Project("{FAE04EC0-301F-11D3-BF4B-00C04F79EFBC}") = "ElectionGuard.UI.Lib", "..\..\..\src\electionguard-ui\ElectionGuard.UI.Lib\ElectionGuard.UI.Lib.csproj", "{D9D6EDD9-C919-D3FC-DAE3-1908A1A96318}"
EndProject
Global
	GlobalSection(SolutionConfigurationPlatforms) = preSolution
		Debug|Any CPU = Debug|Any CPU
		Debug|arm64 = Debug|arm64
		Debug|x64 = Debug|x64
		Debug|x86 = Debug|x86
		Release|Any CPU = Release|Any CPU
		Release|arm64 = Release|arm64
		Release|x64 = Release|x64
		Release|x86 = Release|x86
	EndGlobalSection
	GlobalSection(ProjectConfigurationPlatforms) = postSolution
		{A4437B27-1101-4C91-AEBE-F97606990E2B}.Debug|Any CPU.ActiveCfg = Debug|x64
		{A4437B27-1101-4C91-AEBE-F97606990E2B}.Debug|Any CPU.Build.0 = Debug|x64
		{A4437B27-1101-4C91-AEBE-F97606990E2B}.Debug|arm64.ActiveCfg = Debug|arm64
		{A4437B27-1101-4C91-AEBE-F97606990E2B}.Debug|arm64.Build.0 = Debug|arm64
		{A4437B27-1101-4C91-AEBE-F97606990E2B}.Debug|x64.ActiveCfg = Debug|x64
		{A4437B27-1101-4C91-AEBE-F97606990E2B}.Debug|x64.Build.0 = Debug|x64
		{A4437B27-1101-4C91-AEBE-F97606990E2B}.Debug|x86.ActiveCfg = Debug|x86
		{A4437B27-1101-4C91-AEBE-F97606990E2B}.Debug|x86.Build.0 = Debug|x86
		{A4437B27-1101-4C91-AEBE-F97606990E2B}.Release|Any CPU.ActiveCfg = Release|x64
		{A4437B27-1101-4C91-AEBE-F97606990E2B}.Release|Any CPU.Build.0 = Release|x64
		{A4437B27-1101-4C91-AEBE-F97606990E2B}.Release|arm64.ActiveCfg = Release|arm64
		{A4437B27-1101-4C91-AEBE-F97606990E2B}.Release|arm64.Build.0 = Release|arm64
		{A4437B27-1101-4C91-AEBE-F97606990E2B}.Release|x64.ActiveCfg = Release|x64
		{A4437B27-1101-4C91-AEBE-F97606990E2B}.Release|x64.Build.0 = Release|x64
		{A4437B27-1101-4C91-AEBE-F97606990E2B}.Release|x86.ActiveCfg = Release|x86
		{A4437B27-1101-4C91-AEBE-F97606990E2B}.Release|x86.Build.0 = Release|x86
		{111BE643-7978-4CDB-9FDC-0A198139A488}.Debug|Any CPU.ActiveCfg = Debug|x64
		{111BE643-7978-4CDB-9FDC-0A198139A488}.Debug|Any CPU.Build.0 = Debug|x64
		{111BE643-7978-4CDB-9FDC-0A198139A488}.Debug|arm64.ActiveCfg = Debug|arm64
		{111BE643-7978-4CDB-9FDC-0A198139A488}.Debug|arm64.Build.0 = Debug|arm64
		{111BE643-7978-4CDB-9FDC-0A198139A488}.Debug|x64.ActiveCfg = Debug|x64
		{111BE643-7978-4CDB-9FDC-0A198139A488}.Debug|x64.Build.0 = Debug|x64
		{111BE643-7978-4CDB-9FDC-0A198139A488}.Debug|x86.ActiveCfg = Debug|x86
		{111BE643-7978-4CDB-9FDC-0A198139A488}.Debug|x86.Build.0 = Debug|x86
		{111BE643-7978-4CDB-9FDC-0A198139A488}.Release|Any CPU.ActiveCfg = Release|x64
		{111BE643-7978-4CDB-9FDC-0A198139A488}.Release|Any CPU.Build.0 = Release|x64
		{111BE643-7978-4CDB-9FDC-0A198139A488}.Release|arm64.ActiveCfg = Release|arm64
		{111BE643-7978-4CDB-9FDC-0A198139A488}.Release|arm64.Build.0 = Release|arm64
		{111BE643-7978-4CDB-9FDC-0A198139A488}.Release|x64.ActiveCfg = Release|x64
		{111BE643-7978-4CDB-9FDC-0A198139A488}.Release|x64.Build.0 = Release|x64
		{111BE643-7978-4CDB-9FDC-0A198139A488}.Release|x86.ActiveCfg = Release|x86
		{111BE643-7978-4CDB-9FDC-0A198139A488}.Release|x86.Build.0 = Release|x86
		{06B6E480-D964-4351-8FF3-E62F652B8D4C}.Debug|Any CPU.ActiveCfg = Debug|x64
		{06B6E480-D964-4351-8FF3-E62F652B8D4C}.Debug|Any CPU.Build.0 = Debug|x64
		{06B6E480-D964-4351-8FF3-E62F652B8D4C}.Debug|arm64.ActiveCfg = Debug|arm64
		{06B6E480-D964-4351-8FF3-E62F652B8D4C}.Debug|arm64.Build.0 = Debug|arm64
		{06B6E480-D964-4351-8FF3-E62F652B8D4C}.Debug|x64.ActiveCfg = Debug|x64
		{06B6E480-D964-4351-8FF3-E62F652B8D4C}.Debug|x64.Build.0 = Debug|x64
		{06B6E480-D964-4351-8FF3-E62F652B8D4C}.Debug|x86.ActiveCfg = Debug|x86
		{06B6E480-D964-4351-8FF3-E62F652B8D4C}.Debug|x86.Build.0 = Debug|x86
		{06B6E480-D964-4351-8FF3-E62F652B8D4C}.Release|Any CPU.ActiveCfg = Release|x64
		{06B6E480-D964-4351-8FF3-E62F652B8D4C}.Release|Any CPU.Build.0 = Release|x64
		{06B6E480-D964-4351-8FF3-E62F652B8D4C}.Release|arm64.ActiveCfg = Release|arm64
		{06B6E480-D964-4351-8FF3-E62F652B8D4C}.Release|arm64.Build.0 = Release|arm64
		{06B6E480-D964-4351-8FF3-E62F652B8D4C}.Release|x64.ActiveCfg = Release|x64
		{06B6E480-D964-4351-8FF3-E62F652B8D4C}.Release|x64.Build.0 = Release|x64
		{06B6E480-D964-4351-8FF3-E62F652B8D4C}.Release|x86.ActiveCfg = Release|x86
		{06B6E480-D964-4351-8FF3-E62F652B8D4C}.Release|x86.Build.0 = Release|x86
		{6AC780D0-1862-4680-8B47-AD6CCF97B66C}.Debug|Any CPU.ActiveCfg = Debug|x64
		{6AC780D0-1862-4680-8B47-AD6CCF97B66C}.Debug|Any CPU.Build.0 = Debug|x64
		{6AC780D0-1862-4680-8B47-AD6CCF97B66C}.Debug|arm64.ActiveCfg = Debug|arm64
		{6AC780D0-1862-4680-8B47-AD6CCF97B66C}.Debug|arm64.Build.0 = Debug|arm64
		{6AC780D0-1862-4680-8B47-AD6CCF97B66C}.Debug|x64.ActiveCfg = Debug|x64
		{6AC780D0-1862-4680-8B47-AD6CCF97B66C}.Debug|x64.Build.0 = Debug|x64
		{6AC780D0-1862-4680-8B47-AD6CCF97B66C}.Debug|x86.ActiveCfg = Debug|x86
		{6AC780D0-1862-4680-8B47-AD6CCF97B66C}.Debug|x86.Build.0 = Debug|x86
		{6AC780D0-1862-4680-8B47-AD6CCF97B66C}.Release|Any CPU.ActiveCfg = Release|x64
		{6AC780D0-1862-4680-8B47-AD6CCF97B66C}.Release|Any CPU.Build.0 = Release|x64
		{6AC780D0-1862-4680-8B47-AD6CCF97B66C}.Release|arm64.ActiveCfg = Release|arm64
		{6AC780D0-1862-4680-8B47-AD6CCF97B66C}.Release|arm64.Build.0 = Release|arm64
		{6AC780D0-1862-4680-8B47-AD6CCF97B66C}.Release|x64.ActiveCfg = Release|x64
		{6AC780D0-1862-4680-8B47-AD6CCF97B66C}.Release|x64.Build.0 = Release|x64
		{6AC780D0-1862-4680-8B47-AD6CCF97B66C}.Release|x86.ActiveCfg = Release|x86
		{6AC780D0-1862-4680-8B47-AD6CCF97B66C}.Release|x86.Build.0 = Release|x86
		{E6E5DC4A-F899-48D9-8586-408A39C0324B}.Debug|Any CPU.ActiveCfg = Debug|x64
		{E6E5DC4A-F899-48D9-8586-408A39C0324B}.Debug|Any CPU.Build.0 = Debug|x64
		{E6E5DC4A-F899-48D9-8586-408A39C0324B}.Debug|arm64.ActiveCfg = Debug|arm64
		{E6E5DC4A-F899-48D9-8586-408A39C0324B}.Debug|arm64.Build.0 = Debug|arm64
		{E6E5DC4A-F899-48D9-8586-408A39C0324B}.Debug|x64.ActiveCfg = Debug|x64
		{E6E5DC4A-F899-48D9-8586-408A39C0324B}.Debug|x64.Build.0 = Debug|x64
		{E6E5DC4A-F899-48D9-8586-408A39C0324B}.Debug|x86.ActiveCfg = Debug|x86
		{E6E5DC4A-F899-48D9-8586-408A39C0324B}.Debug|x86.Build.0 = Debug|x86
		{E6E5DC4A-F899-48D9-8586-408A39C0324B}.Release|Any CPU.ActiveCfg = Release|x64
		{E6E5DC4A-F899-48D9-8586-408A39C0324B}.Release|Any CPU.Build.0 = Release|x64
		{E6E5DC4A-F899-48D9-8586-408A39C0324B}.Release|arm64.ActiveCfg = Release|arm64
		{E6E5DC4A-F899-48D9-8586-408A39C0324B}.Release|arm64.Build.0 = Release|arm64
		{E6E5DC4A-F899-48D9-8586-408A39C0324B}.Release|x64.ActiveCfg = Release|x64
		{E6E5DC4A-F899-48D9-8586-408A39C0324B}.Release|x64.Build.0 = Release|x64
		{E6E5DC4A-F899-48D9-8586-408A39C0324B}.Release|x86.ActiveCfg = Release|x86
		{E6E5DC4A-F899-48D9-8586-408A39C0324B}.Release|x86.Build.0 = Release|x86
		{334BEA82-395E-4012-8BA6-77161EE7AED6}.Debug|Any CPU.ActiveCfg = Debug|x64
		{334BEA82-395E-4012-8BA6-77161EE7AED6}.Debug|Any CPU.Build.0 = Debug|x64
		{334BEA82-395E-4012-8BA6-77161EE7AED6}.Debug|arm64.ActiveCfg = Debug|arm64
		{334BEA82-395E-4012-8BA6-77161EE7AED6}.Debug|arm64.Build.0 = Debug|arm64
		{334BEA82-395E-4012-8BA6-77161EE7AED6}.Debug|x64.ActiveCfg = Debug|x64
		{334BEA82-395E-4012-8BA6-77161EE7AED6}.Debug|x64.Build.0 = Debug|x64
		{334BEA82-395E-4012-8BA6-77161EE7AED6}.Debug|x86.ActiveCfg = Debug|x86
		{334BEA82-395E-4012-8BA6-77161EE7AED6}.Debug|x86.Build.0 = Debug|x86
		{334BEA82-395E-4012-8BA6-77161EE7AED6}.Release|Any CPU.ActiveCfg = Release|x64
		{334BEA82-395E-4012-8BA6-77161EE7AED6}.Release|Any CPU.Build.0 = Release|x64
		{334BEA82-395E-4012-8BA6-77161EE7AED6}.Release|arm64.ActiveCfg = Release|arm64
		{334BEA82-395E-4012-8BA6-77161EE7AED6}.Release|arm64.Build.0 = Release|arm64
		{334BEA82-395E-4012-8BA6-77161EE7AED6}.Release|x64.ActiveCfg = Release|x64
		{334BEA82-395E-4012-8BA6-77161EE7AED6}.Release|x64.Build.0 = Release|x64
		{334BEA82-395E-4012-8BA6-77161EE7AED6}.Release|x86.ActiveCfg = Release|x86
		{334BEA82-395E-4012-8BA6-77161EE7AED6}.Release|x86.Build.0 = Release|x86
		{A94C923B-A34B-4FE4-A8E0-B1CB74976B11}.Debug|Any CPU.ActiveCfg = Debug|x64
		{A94C923B-A34B-4FE4-A8E0-B1CB74976B11}.Debug|Any CPU.Build.0 = Debug|x64
		{A94C923B-A34B-4FE4-A8E0-B1CB74976B11}.Debug|arm64.ActiveCfg = Debug|arm64
		{A94C923B-A34B-4FE4-A8E0-B1CB74976B11}.Debug|arm64.Build.0 = Debug|arm64
		{A94C923B-A34B-4FE4-A8E0-B1CB74976B11}.Debug|x64.ActiveCfg = Debug|x64
		{A94C923B-A34B-4FE4-A8E0-B1CB74976B11}.Debug|x64.Build.0 = Debug|x64
		{A94C923B-A34B-4FE4-A8E0-B1CB74976B11}.Debug|x86.ActiveCfg = Debug|x86
		{A94C923B-A34B-4FE4-A8E0-B1CB74976B11}.Debug|x86.Build.0 = Debug|x86
		{A94C923B-A34B-4FE4-A8E0-B1CB74976B11}.Release|Any CPU.ActiveCfg = Release|x64
		{A94C923B-A34B-4FE4-A8E0-B1CB74976B11}.Release|Any CPU.Build.0 = Release|x64
		{A94C923B-A34B-4FE4-A8E0-B1CB74976B11}.Release|arm64.ActiveCfg = Release|arm64
		{A94C923B-A34B-4FE4-A8E0-B1CB74976B11}.Release|arm64.Build.0 = Release|arm64
		{A94C923B-A34B-4FE4-A8E0-B1CB74976B11}.Release|x64.ActiveCfg = Release|x64
		{A94C923B-A34B-4FE4-A8E0-B1CB74976B11}.Release|x64.Build.0 = Release|x64
		{A94C923B-A34B-4FE4-A8E0-B1CB74976B11}.Release|x86.ActiveCfg = Release|x86
		{A94C923B-A34B-4FE4-A8E0-B1CB74976B11}.Release|x86.Build.0 = Release|x86
		{728D53B2-FE17-44A2-A534-9DFDDF2D46EA}.Debug|Any CPU.ActiveCfg = Debug|x64
		{728D53B2-FE17-44A2-A534-9DFDDF2D46EA}.Debug|Any CPU.Build.0 = Debug|x64
		{728D53B2-FE17-44A2-A534-9DFDDF2D46EA}.Debug|arm64.ActiveCfg = Debug|arm64
		{728D53B2-FE17-44A2-A534-9DFDDF2D46EA}.Debug|arm64.Build.0 = Debug|arm64
		{728D53B2-FE17-44A2-A534-9DFDDF2D46EA}.Debug|x64.ActiveCfg = Debug|x64
		{728D53B2-FE17-44A2-A534-9DFDDF2D46EA}.Debug|x64.Build.0 = Debug|x64
		{728D53B2-FE17-44A2-A534-9DFDDF2D46EA}.Debug|x86.ActiveCfg = Debug|x86
		{728D53B2-FE17-44A2-A534-9DFDDF2D46EA}.Debug|x86.Build.0 = Debug|x86
		{728D53B2-FE17-44A2-A534-9DFDDF2D46EA}.Release|Any CPU.ActiveCfg = Release|x64
		{728D53B2-FE17-44A2-A534-9DFDDF2D46EA}.Release|Any CPU.Build.0 = Release|x64
		{728D53B2-FE17-44A2-A534-9DFDDF2D46EA}.Release|arm64.ActiveCfg = Release|arm64
		{728D53B2-FE17-44A2-A534-9DFDDF2D46EA}.Release|arm64.Build.0 = Release|arm64
		{728D53B2-FE17-44A2-A534-9DFDDF2D46EA}.Release|x64.ActiveCfg = Release|x64
		{728D53B2-FE17-44A2-A534-9DFDDF2D46EA}.Release|x64.Build.0 = Release|x64
		{728D53B2-FE17-44A2-A534-9DFDDF2D46EA}.Release|x86.ActiveCfg = Release|x86
		{728D53B2-FE17-44A2-A534-9DFDDF2D46EA}.Release|x86.Build.0 = Release|x86
		{D9D6EDD9-C919-D3FC-DAE3-1908A1A96318}.Debug|Any CPU.ActiveCfg = Debug|x64
		{D9D6EDD9-C919-D3FC-DAE3-1908A1A96318}.Debug|Any CPU.Build.0 = Debug|x64
		{D9D6EDD9-C919-D3FC-DAE3-1908A1A96318}.Debug|arm64.ActiveCfg = Debug|arm64
		{D9D6EDD9-C919-D3FC-DAE3-1908A1A96318}.Debug|arm64.Build.0 = Debug|arm64
		{D9D6EDD9-C919-D3FC-DAE3-1908A1A96318}.Debug|x64.ActiveCfg = Debug|x64
		{D9D6EDD9-C919-D3FC-DAE3-1908A1A96318}.Debug|x64.Build.0 = Debug|x64
		{D9D6EDD9-C919-D3FC-DAE3-1908A1A96318}.Debug|x86.ActiveCfg = Debug|x86
		{D9D6EDD9-C919-D3FC-DAE3-1908A1A96318}.Debug|x86.Build.0 = Debug|x86
		{D9D6EDD9-C919-D3FC-DAE3-1908A1A96318}.Release|Any CPU.ActiveCfg = Release|x64
		{D9D6EDD9-C919-D3FC-DAE3-1908A1A96318}.Release|Any CPU.Build.0 = Release|x64
		{D9D6EDD9-C919-D3FC-DAE3-1908A1A96318}.Release|arm64.ActiveCfg = Release|arm64
		{D9D6EDD9-C919-D3FC-DAE3-1908A1A96318}.Release|arm64.Build.0 = Release|arm64
		{D9D6EDD9-C919-D3FC-DAE3-1908A1A96318}.Release|x64.ActiveCfg = Release|x64
		{D9D6EDD9-C919-D3FC-DAE3-1908A1A96318}.Release|x64.Build.0 = Release|x64
		{D9D6EDD9-C919-D3FC-DAE3-1908A1A96318}.Release|x86.ActiveCfg = Release|x86
		{D9D6EDD9-C919-D3FC-DAE3-1908A1A96318}.Release|x86.Build.0 = Release|x86
	EndGlobalSection
	GlobalSection(SolutionProperties) = preSolution
		HideSolutionNode = FALSE
	EndGlobalSection
	GlobalSection(ExtensibilityGlobals) = postSolution
		SolutionGuid = {44312322-DEA7-4BDE-8930-AFEAB72CA425}
	EndGlobalSection
	GlobalSection(MonoDevelopProperties) = preSolution
		Policies = $0
		$0.TextStylePolicy = $3
		$1.inheritsSet = null
		$1.scope = application/x-msbuild
		$0.XmlFormattingPolicy = $4
		$2.inheritsSet = null
		$2.scope = application/x-msbuild
		$3.inheritsSet = null
		$3.scope = application/xml
		$4.scope = application/xml
		$0.StandardHeader = $5
	EndGlobalSection
EndGlobal
